
Microsoft Visual Studio Solution File, Format Version 12.00
# Visual Studio Version 16
VisualStudioVersion = 16.0.31515.178
MinimumVisualStudioVersion = 10.0.40219.1
Project("{2150E333-8FDC-42A3-9474-1A3956D46DE8}") = "Solution Items", "Solution Items", "{E6184DA1-60E1-4CBA-8739-D0B7A4F7169C}"
	ProjectSection(SolutionItems) = preProject
		Readme.md = Readme.md
	EndProjectSection
EndProject
Project("{FAE04EC0-301F-11D3-BF4B-00C04F79EFBC}") = "RxUIButtonClickApp", "RxUIButtonClickApp\RxUIButtonClickApp.csproj", "{2616805B-9906-4DA7-840F-B8A688FA29DB}"
EndProject
Project("{FAE04EC0-301F-11D3-BF4B-00C04F79EFBC}") = "ClassLibrary1", "ClassLibrary1\ClassLibrary1.csproj", "{F6E9B608-9232-49DE-AA15-5D287C8F83AD}"
EndProject
Global
	GlobalSection(SolutionConfigurationPlatforms) = preSolution
		Debug|Any CPU = Debug|Any CPU
		Release|Any CPU = Release|Any CPU
	EndGlobalSection
	GlobalSection(ProjectConfigurationPlatforms) = postSolution
		{2616805B-9906-4DA7-840F-B8A688FA29DB}.Debug|Any CPU.ActiveCfg = Debug|Any CPU
		{2616805B-9906-4DA7-840F-B8A688FA29DB}.Debug|Any CPU.Build.0 = Debug|Any CPU
		{2616805B-9906-4DA7-840F-B8A688FA29DB}.Release|Any CPU.ActiveCfg = Release|Any CPU
		{2616805B-9906-4DA7-840F-B8A688FA29DB}.Release|Any CPU.Build.0 = Release|Any CPU
		{F6E9B608-9232-49DE-AA15-5D287C8F83AD}.Debug|Any CPU.ActiveCfg = Debug|Any CPU
		{F6E9B608-9232-49DE-AA15-5D287C8F83AD}.Debug|Any CPU.Build.0 = Debug|Any CPU
		{F6E9B608-9232-49DE-AA15-5D287C8F83AD}.Release|Any CPU.ActiveCfg = Release|Any CPU
		{F6E9B608-9232-49DE-AA15-5D287C8F83AD}.Release|Any CPU.Build.0 = Release|Any CPU
	EndGlobalSection
	GlobalSection(SolutionProperties) = preSolution
		HideSolutionNode = FALSE
	EndGlobalSection
	GlobalSection(ExtensibilityGlobals) = postSolution
		SolutionGuid = {C37FDAA5-6B82-4658-98C0-6BF8F5D7F6C8}
	EndGlobalSection
EndGlobal
